
Microsoft Visual Studio Solution File, Format Version 12.00
# Visual Studio Version 17
VisualStudioVersion = 17.11.35303.130
MinimumVisualStudioVersion = 10.0.40219.1
Project("{FAE04EC0-301F-11D3-BF4B-00C04F79EFBC}") = "Figuras", "Figuras\Figuras.csproj", "{D7B07629-21FB-4578-B9CA-FC926FD01170}"
EndProject
Global
	GlobalSection(SolutionConfigurationPlatforms) = preSolution
		Debug|Any CPU = Debug|Any CPU
		Release|Any CPU = Release|Any CPU
	EndGlobalSection
	GlobalSection(ProjectConfigurationPlatforms) = postSolution
		{D7B07629-21FB-4578-B9CA-FC926FD01170}.Debug|Any CPU.ActiveCfg = Debug|Any CPU
		{D7B07629-21FB-4578-B9CA-FC926FD01170}.Debug|Any CPU.Build.0 = Debug|Any CPU
		{D7B07629-21FB-4578-B9CA-FC926FD01170}.Release|Any CPU.ActiveCfg = Release|Any CPU
		{D7B07629-21FB-4578-B9CA-FC926FD01170}.Release|Any CPU.Build.0 = Release|Any CPU
	EndGlobalSection
	GlobalSection(SolutionProperties) = preSolution
		HideSolutionNode = FALSE
	EndGlobalSection
	GlobalSection(ExtensibilityGlobals) = postSolution
		SolutionGuid = {F9E5D2E6-113C-48D8-B908-00F32595CB90}
	EndGlobalSection
EndGlobal
