
Microsoft Visual Studio Solution File, Format Version 12.00
# Visual Studio Version 17
VisualStudioVersion = 17.11.35303.130
MinimumVisualStudioVersion = 10.0.40219.1
Project("{FAE04EC0-301F-11D3-BF4B-00C04F79EFBC}") = "Ejercicio_06a_02", "Ejercicio_06a_02\Ejercicio_06a_02.csproj", "{5139B6F3-75DD-4460-9B9F-8B136EF1A957}"
EndProject
Global
	GlobalSection(SolutionConfigurationPlatforms) = preSolution
		Debug|Any CPU = Debug|Any CPU
		Release|Any CPU = Release|Any CPU
	EndGlobalSection
	GlobalSection(ProjectConfigurationPlatforms) = postSolution
		{5139B6F3-75DD-4460-9B9F-8B136EF1A957}.Debug|Any CPU.ActiveCfg = Debug|Any CPU
		{5139B6F3-75DD-4460-9B9F-8B136EF1A957}.Debug|Any CPU.Build.0 = Debug|Any CPU
		{5139B6F3-75DD-4460-9B9F-8B136EF1A957}.Release|Any CPU.ActiveCfg = Release|Any CPU
		{5139B6F3-75DD-4460-9B9F-8B136EF1A957}.Release|Any CPU.Build.0 = Release|Any CPU
	EndGlobalSection
	GlobalSection(SolutionProperties) = preSolution
		HideSolutionNode = FALSE
	EndGlobalSection
	GlobalSection(ExtensibilityGlobals) = postSolution
		SolutionGuid = {B8521ECA-4721-4F94-80E5-0481121E571A}
	EndGlobalSection
EndGlobal
