
Microsoft Visual Studio Solution File, Format Version 12.00
# Visual Studio Version 17
VisualStudioVersion = 17.11.35303.130
MinimumVisualStudioVersion = 10.0.40219.1
Project("{FAE04EC0-301F-11D3-BF4B-00C04F79EFBC}") = "SolicitudesAdministracionV2", "SolicitudesAdministracion_V2\SolicitudesAdministracionV2.csproj", "{FCDE7CA7-54AE-49A5-A2DB-AD72CF7DFA4A}"
EndProject
Global
	GlobalSection(SolutionConfigurationPlatforms) = preSolution
		Debug|Any CPU = Debug|Any CPU
		Release|Any CPU = Release|Any CPU
	EndGlobalSection
	GlobalSection(ProjectConfigurationPlatforms) = postSolution
		{FCDE7CA7-54AE-49A5-A2DB-AD72CF7DFA4A}.Debug|Any CPU.ActiveCfg = Debug|Any CPU
		{FCDE7CA7-54AE-49A5-A2DB-AD72CF7DFA4A}.Debug|Any CPU.Build.0 = Debug|Any CPU
		{FCDE7CA7-54AE-49A5-A2DB-AD72CF7DFA4A}.Release|Any CPU.ActiveCfg = Release|Any CPU
		{FCDE7CA7-54AE-49A5-A2DB-AD72CF7DFA4A}.Release|Any CPU.Build.0 = Release|Any CPU
	EndGlobalSection
	GlobalSection(SolutionProperties) = preSolution
		HideSolutionNode = FALSE
	EndGlobalSection
	GlobalSection(ExtensibilityGlobals) = postSolution
		SolutionGuid = {CB8764EF-1371-4F4A-AC52-6C8865A8EA7F}
	EndGlobalSection
EndGlobal
