
Microsoft Visual Studio Solution File, Format Version 12.00
# Visual Studio Version 17
VisualStudioVersion = 17.11.35303.130
MinimumVisualStudioVersion = 10.0.40219.1
Project("{FAE04EC0-301F-11D3-BF4B-00C04F79EFBC}") = "EmpresaSoftware", "EmpresaSoftware\EmpresaSoftware.csproj", "{FBBFEE9A-85AC-4750-B56B-25BE3FFBE220}"
EndProject
Global
	GlobalSection(SolutionConfigurationPlatforms) = preSolution
		Debug|Any CPU = Debug|Any CPU
		Release|Any CPU = Release|Any CPU
	EndGlobalSection
	GlobalSection(ProjectConfigurationPlatforms) = postSolution
		{FBBFEE9A-85AC-4750-B56B-25BE3FFBE220}.Debug|Any CPU.ActiveCfg = Debug|Any CPU
		{FBBFEE9A-85AC-4750-B56B-25BE3FFBE220}.Debug|Any CPU.Build.0 = Debug|Any CPU
		{FBBFEE9A-85AC-4750-B56B-25BE3FFBE220}.Release|Any CPU.ActiveCfg = Release|Any CPU
		{FBBFEE9A-85AC-4750-B56B-25BE3FFBE220}.Release|Any CPU.Build.0 = Release|Any CPU
	EndGlobalSection
	GlobalSection(SolutionProperties) = preSolution
		HideSolutionNode = FALSE
	EndGlobalSection
	GlobalSection(ExtensibilityGlobals) = postSolution
		SolutionGuid = {6D90BADF-AD3F-48FC-BF5C-A2C8380F5B79}
	EndGlobalSection
EndGlobal
