
Microsoft Visual Studio Solution File, Format Version 12.00
# Visual Studio Version 17
VisualStudioVersion = 17.11.35303.130
MinimumVisualStudioVersion = 10.0.40219.1
Project("{FAE04EC0-301F-11D3-BF4B-00C04F79EFBC}") = "CampoFutbol", "CampoFutbol\CampoFutbol.csproj", "{67716D16-C9F7-4D36-A643-2D526CE9925D}"
EndProject
Global
	GlobalSection(SolutionConfigurationPlatforms) = preSolution
		Debug|Any CPU = Debug|Any CPU
		Release|Any CPU = Release|Any CPU
	EndGlobalSection
	GlobalSection(ProjectConfigurationPlatforms) = postSolution
		{67716D16-C9F7-4D36-A643-2D526CE9925D}.Debug|Any CPU.ActiveCfg = Debug|Any CPU
		{67716D16-C9F7-4D36-A643-2D526CE9925D}.Debug|Any CPU.Build.0 = Debug|Any CPU
		{67716D16-C9F7-4D36-A643-2D526CE9925D}.Release|Any CPU.ActiveCfg = Release|Any CPU
		{67716D16-C9F7-4D36-A643-2D526CE9925D}.Release|Any CPU.Build.0 = Release|Any CPU
	EndGlobalSection
	GlobalSection(SolutionProperties) = preSolution
		HideSolutionNode = FALSE
	EndGlobalSection
	GlobalSection(ExtensibilityGlobals) = postSolution
		SolutionGuid = {F2762D50-FD87-4536-85A6-49A61FC38AF1}
	EndGlobalSection
EndGlobal
