
Microsoft Visual Studio Solution File, Format Version 12.00
# Visual Studio Version 17
VisualStudioVersion = 17.11.35303.130
MinimumVisualStudioVersion = 10.0.40219.1
Project("{FAE04EC0-301F-11D3-BF4B-00C04F79EFBC}") = "SolicitudesAdministracion", "SolicitudesAdministracion\SolicitudesAdministracion.csproj", "{B7A7D147-277C-4CBB-85EC-1AEDE542A82C}"
EndProject
Global
	GlobalSection(SolutionConfigurationPlatforms) = preSolution
		Debug|Any CPU = Debug|Any CPU
		Release|Any CPU = Release|Any CPU
	EndGlobalSection
	GlobalSection(ProjectConfigurationPlatforms) = postSolution
		{B7A7D147-277C-4CBB-85EC-1AEDE542A82C}.Debug|Any CPU.ActiveCfg = Debug|Any CPU
		{B7A7D147-277C-4CBB-85EC-1AEDE542A82C}.Debug|Any CPU.Build.0 = Debug|Any CPU
		{B7A7D147-277C-4CBB-85EC-1AEDE542A82C}.Release|Any CPU.ActiveCfg = Release|Any CPU
		{B7A7D147-277C-4CBB-85EC-1AEDE542A82C}.Release|Any CPU.Build.0 = Release|Any CPU
	EndGlobalSection
	GlobalSection(SolutionProperties) = preSolution
		HideSolutionNode = FALSE
	EndGlobalSection
	GlobalSection(ExtensibilityGlobals) = postSolution
		SolutionGuid = {F5F50943-EA1C-438D-9774-8BA3963A484E}
	EndGlobalSection
EndGlobal
