
Microsoft Visual Studio Solution File, Format Version 12.00
# Visual Studio Version 17
VisualStudioVersion = 17.11.35303.130
MinimumVisualStudioVersion = 10.0.40219.1
Project("{FAE04EC0-301F-11D3-BF4B-00C04F79EFBC}") = "Ejercicio_07b_03", "Ejercicio_07b_03\Ejercicio_07b_03.csproj", "{4A3E7C3A-AF5C-4E8E-AEBA-A1B3D7E3A255}"
EndProject
Global
	GlobalSection(SolutionConfigurationPlatforms) = preSolution
		Debug|Any CPU = Debug|Any CPU
		Release|Any CPU = Release|Any CPU
	EndGlobalSection
	GlobalSection(ProjectConfigurationPlatforms) = postSolution
		{4A3E7C3A-AF5C-4E8E-AEBA-A1B3D7E3A255}.Debug|Any CPU.ActiveCfg = Debug|Any CPU
		{4A3E7C3A-AF5C-4E8E-AEBA-A1B3D7E3A255}.Debug|Any CPU.Build.0 = Debug|Any CPU
		{4A3E7C3A-AF5C-4E8E-AEBA-A1B3D7E3A255}.Release|Any CPU.ActiveCfg = Release|Any CPU
		{4A3E7C3A-AF5C-4E8E-AEBA-A1B3D7E3A255}.Release|Any CPU.Build.0 = Release|Any CPU
	EndGlobalSection
	GlobalSection(SolutionProperties) = preSolution
		HideSolutionNode = FALSE
	EndGlobalSection
	GlobalSection(ExtensibilityGlobals) = postSolution
		SolutionGuid = {58E34F36-C01E-456D-B416-33DA45606823}
	EndGlobalSection
EndGlobal
