
Microsoft Visual Studio Solution File, Format Version 12.00
# Visual Studio Version 17
VisualStudioVersion = 17.11.35303.130
MinimumVisualStudioVersion = 10.0.40219.1
Project("{FAE04EC0-301F-11D3-BF4B-00C04F79EFBC}") = "Ejercicio_07b_04", "Ejercicio_07b_04\Ejercicio_07b_04.csproj", "{DC1A5099-F307-41F1-B8B0-1BB573F938C9}"
EndProject
Global
	GlobalSection(SolutionConfigurationPlatforms) = preSolution
		Debug|Any CPU = Debug|Any CPU
		Release|Any CPU = Release|Any CPU
	EndGlobalSection
	GlobalSection(ProjectConfigurationPlatforms) = postSolution
		{DC1A5099-F307-41F1-B8B0-1BB573F938C9}.Debug|Any CPU.ActiveCfg = Debug|Any CPU
		{DC1A5099-F307-41F1-B8B0-1BB573F938C9}.Debug|Any CPU.Build.0 = Debug|Any CPU
		{DC1A5099-F307-41F1-B8B0-1BB573F938C9}.Release|Any CPU.ActiveCfg = Release|Any CPU
		{DC1A5099-F307-41F1-B8B0-1BB573F938C9}.Release|Any CPU.Build.0 = Release|Any CPU
	EndGlobalSection
	GlobalSection(SolutionProperties) = preSolution
		HideSolutionNode = FALSE
	EndGlobalSection
	GlobalSection(ExtensibilityGlobals) = postSolution
		SolutionGuid = {02A71984-E25F-45C6-BDA7-8E2447E601FF}
	EndGlobalSection
EndGlobal
